// !$*UTF8*$!
{
	archiveVersion = 1;
	classes = {
	};
	objectVersion = 50;
	objects = {

/* Begin PBXBuildFile section */
		A0AFFDA02592C59300A014D7 /* TodoListApp.swift in Sources */ = {isa = PBXBuildFile; fileRef = A0AFFD9F2592C59300A014D7 /* TodoListApp.swift */; };
		A0AFFDA22592C59300A014D7 /* ContentView.swift in Sources */ = {isa = PBXBuildFile; fileRef = A0AFFDA12592C59300A014D7 /* ContentView.swift */; };
		A0AFFDA42592C59300A014D7 /* Assets.xcassets in Resources */ = {isa = PBXBuildFile; fileRef = A0AFFDA32592C59300A014D7 /* Assets.xcassets */; };
		A0AFFDA72592C59300A014D7 /* Preview Assets.xcassets in Resources */ = {isa = PBXBuildFile; fileRef = A0AFFDA62592C59300A014D7 /* Preview Assets.xcassets */; };
		A0AFFDB22592C5BB00A014D7 /* Task.swift in Sources */ = {isa = PBXBuildFile; fileRef = A0AFFDB12592C5BB00A014D7 /* Task.swift */; };
		A0AFFDB52592C5D900A014D7 /* UserData.swift in Sources */ = {isa = PBXBuildFile; fileRef = A0AFFDB42592C5D900A014D7 /* UserData.swift */; };
		A0AFFDB82592C5F900A014D7 /* UserDefaultValue.swift in Sources */ = {isa = PBXBuildFile; fileRef = A0AFFDB72592C5F900A014D7 /* UserDefaultValue.swift */; };
		A0AFFDBB2592C76400A014D7 /* TaskListView.swift in Sources */ = {isa = PBXBuildFile; fileRef = A0AFFDBA2592C76400A014D7 /* TaskListView.swift */; };
		A0AFFDC02592C99500A014D7 /* TaskItemView.swift in Sources */ = {isa = PBXBuildFile; fileRef = A0AFFDBF2592C99500A014D7 /* TaskItemView.swift */; };
		A0AFFDC32592CA9A00A014D7 /* TaskEditView.swift in Sources */ = {isa = PBXBuildFile; fileRef = A0AFFDC22592CA9A00A014D7 /* TaskEditView.swift */; };
/* End PBXBuildFile section */

/* Begin PBXFileReference section */
		A0AFFD9C2592C59300A014D7 /* TodoList.app */ = {isa = PBXFileReference; explicitFileType = wrapper.application; includeInIndex = 0; path = TodoList.app; sourceTree = BUILT_PRODUCTS_DIR; };
		A0AFFD9F2592C59300A014D7 /* TodoListApp.swift */ = {isa = PBXFileReference; lastKnownFileType = sourcecode.swift; path = TodoListApp.swift; sourceTree = "<group>"; };
		A0AFFDA12592C59300A014D7 /* ContentView.swift */ = {isa = PBXFileReference; lastKnownFileType = sourcecode.swift; path = ContentView.swift; sourceTree = "<group>"; };
		A0AFFDA32592C59300A014D7 /* Assets.xcassets */ = {isa = PBXFileReference; lastKnownFileType = folder.assetcatalog; path = Assets.xcassets; sourceTree = "<group>"; };
		A0AFFDA62592C59300A014D7 /* Preview Assets.xcassets */ = {isa = PBXFileReference; lastKnownFileType = folder.assetcatalog; path = "Preview Assets.xcassets"; sourceTree = "<group>"; };
		A0AFFDA82592C59300A014D7 /* Info.plist */ = {isa = PBXFileReference; lastKnownFileType = text.plist.xml; path = Info.plist; sourceTree = "<group>"; };
		A0AFFDB12592C5BB00A014D7 /* Task.swift */ = {isa = PBXFileReference; lastKnownFileType = sourcecode.swift; path = Task.swift; sourceTree = "<group>"; };
		A0AFFDB42592C5D900A014D7 /* UserData.swift */ = {isa = PBXFileReference; lastKnownFileType = sourcecode.swift; path = UserData.swift; sourceTree = "<group>"; };
		A0AFFDB72592C5F900A014D7 /* UserDefaultValue.swift */ = {isa = PBXFileReference; lastKnownFileType = sourcecode.swift; path = UserDefaultValue.swift; sourceTree = "<group>"; };
		A0AFFDBA2592C76400A014D7 /* TaskListView.swift */ = {isa = PBXFileReference; lastKnownFileType = sourcecode.swift; path = TaskListView.swift; sourceTree = "<group>"; };
		A0AFFDBF2592C99500A014D7 /* TaskItemView.swift */ = {isa = PBXFileReference; lastKnownFileType = sourcecode.swift; path = TaskItemView.swift; sourceTree = "<group>"; };
		A0AFFDC22592CA9A00A014D7 /* TaskEditView.swift */ = {isa = PBXFileReference; lastKnownFileType = sourcecode.swift; path = TaskEditView.swift; sourceTree = "<group>"; };
/* End PBXFileReference section */

/* Begin PBXFrameworksBuildPhase section */
		A0AFFD992592C59300A014D7 /* Frameworks */ = {
			isa = PBXFrameworksBuildPhase;
			buildActionMask = 2147483647;
			files = (
			);
			runOnlyForDeploymentPostprocessing = 0;
		};
/* End PBXFrameworksBuildPhase section */

/* Begin PBXGroup section */
		A0AFFD932592C59300A014D7 = {
			isa = PBXGroup;
			children = (
				A0AFFD9E2592C59300A014D7 /* TodoList */,
				A0AFFD9D2592C59300A014D7 /* Products */,
			);
			sourceTree = "<group>";
		};
		A0AFFD9D2592C59300A014D7 /* Products */ = {
			isa = PBXGroup;
			children = (
				A0AFFD9C2592C59300A014D7 /* TodoList.app */,
			);
			name = Products;
			sourceTree = "<group>";
		};
		A0AFFD9E2592C59300A014D7 /* TodoList */ = {
			isa = PBXGroup;
			children = (
				A0AFFD9F2592C59300A014D7 /* TodoListApp.swift */,
				A0AFFDA12592C59300A014D7 /* ContentView.swift */,
				A0AFFDB12592C5BB00A014D7 /* Task.swift */,
				A0AFFDB42592C5D900A014D7 /* UserData.swift */,
				A0AFFDB72592C5F900A014D7 /* UserDefaultValue.swift */,
				A0AFFDA32592C59300A014D7 /* Assets.xcassets */,
				A0AFFDA82592C59300A014D7 /* Info.plist */,
				A0AFFDA52592C59300A014D7 /* Preview Content */,
				A0AFFDBA2592C76400A014D7 /* TaskListView.swift */,
				A0AFFDBF2592C99500A014D7 /* TaskItemView.swift */,
				A0AFFDC22592CA9A00A014D7 /* TaskEditView.swift */,
			);
			path = TodoList;
			sourceTree = "<group>";
		};
		A0AFFDA52592C59300A014D7 /* Preview Content */ = {
			isa = PBXGroup;
			children = (
				A0AFFDA62592C59300A014D7 /* Preview Assets.xcassets */,
			);
			path = "Preview Content";
			sourceTree = "<group>";
		};
/* End PBXGroup section */

/* Begin PBXNativeTarget section */
		A0AFFD9B2592C59300A014D7 /* TodoList */ = {
			isa = PBXNativeTarget;
			buildConfigurationList = A0AFFDAB2592C59300A014D7 /* Build configuration list for PBXNativeTarget "TodoList" */;
			buildPhases = (
				A0AFFD982592C59300A014D7 /* Sources */,
				A0AFFD992592C59300A014D7 /* Frameworks */,
				A0AFFD9A2592C59300A014D7 /* Resources */,
			);
			buildRules = (
			);
			dependencies = (
			);
			name = TodoList;
			productName = TodoList;
			productReference = A0AFFD9C2592C59300A014D7 /* TodoList.app */;
			productType = "com.apple.product-type.application";
		};
/* End PBXNativeTarget section */

/* Begin PBXProject section */
		A0AFFD942592C59300A014D7 /* Project object */ = {
			isa = PBXProject;
			attributes = {
				LastSwiftUpdateCheck = 1230;
				LastUpgradeCheck = 1230;
				TargetAttributes = {
					A0AFFD9B2592C59300A014D7 = {
						CreatedOnToolsVersion = 12.3;
					};
				};
			};
			buildConfigurationList = A0AFFD972592C59300A014D7 /* Build configuration list for PBXProject "TodoList" */;
			compatibilityVersion = "Xcode 9.3";
			developmentRegion = en;
			hasScannedForEncodings = 0;
			knownRegions = (
				en,
				Base,
			);
			mainGroup = A0AFFD932592C59300A014D7;
			productRefGroup = A0AFFD9D2592C59300A014D7 /* Products */;
			projectDirPath = "";
			projectRoot = "";
			targets = (
				A0AFFD9B2592C59300A014D7 /* TodoList */,
			);
		};
/* End PBXProject section */

/* Begin PBXResourcesBuildPhase section */
		A0AFFD9A2592C59300A014D7 /* Resources */ = {
			isa = PBXResourcesBuildPhase;
			buildActionMask = 2147483647;
			files = (
				A0AFFDA72592C59300A014D7 /* Preview Assets.xcassets in Resources */,
				A0AFFDA42592C59300A014D7 /* Assets.xcassets in Resources */,
			);
			runOnlyForDeploymentPostprocessing = 0;
		};
/* End PBXResourcesBuildPhase section */

/* Begin PBXSourcesBuildPhase section */
		A0AFFD982592C59300A014D7 /* Sources */ = {
			isa = PBXSourcesBuildPhase;
			buildActionMask = 2147483647;
			files = (
				A0AFFDA22592C59300A014D7 /* ContentView.swift in Sources */,
				A0AFFDC32592CA9A00A014D7 /* TaskEditView.swift in Sources */,
				A0AFFDB22592C5BB00A014D7 /* Task.swift in Sources */,
				A0AFFDB52592C5D900A014D7 /* UserData.swift in Sources */,
				A0AFFDC02592C99500A014D7 /* TaskItemView.swift in Sources */,
				A0AFFDB82592C5F900A014D7 /* UserDefaultValue.swift in Sources */,
				A0AFFDA02592C59300A014D7 /* TodoListApp.swift in Sources */,
				A0AFFDBB2592C76400A014D7 /* TaskListView.swift in Sources */,
			);
			runOnlyForDeploymentPostprocessing = 0;
		};
/* End PBXSourcesBuildPhase section */

/* Begin XCBuildConfiguration section */
		A0AFFDA92592C59300A014D7 /* Debug */ = {
			isa = XCBuildConfiguration;
			buildSettings = {
				ALWAYS_SEARCH_USER_PATHS = NO;
				CLANG_ANALYZER_NONNULL = YES;
				CLANG_ANALYZER_NUMBER_OBJECT_CONVERSION = YES_AGGRESSIVE;
				CLANG_CXX_LANGUAGE_STANDARD = "gnu++14";
				CLANG_CXX_LIBRARY = "libc++";
				CLANG_ENABLE_MODULES = YES;
				CLANG_ENABLE_OBJC_ARC = YES;
				CLANG_ENABLE_OBJC_WEAK = YES;
				CLANG_WARN_BLOCK_CAPTURE_AUTORELEASING = YES;
				CLANG_WARN_BOOL_CONVERSION = YES;
				CLANG_WARN_COMMA = YES;
				CLANG_WARN_CONSTANT_CONVERSION = YES;
				CLANG_WARN_DEPRECATED_OBJC_IMPLEMENTATIONS = YES;
				CLANG_WARN_DIRECT_OBJC_ISA_USAGE = YES_ERROR;
				CLANG_WARN_DOCUMENTATION_COMMENTS = YES;
				CLANG_WARN_EMPTY_BODY = YES;
				CLANG_WARN_ENUM_CONVERSION = YES;
				CLANG_WARN_INFINITE_RECURSION = YES;
				CLANG_WARN_INT_CONVERSION = YES;
				CLANG_WARN_NON_LITERAL_NULL_CONVERSION = YES;
				CLANG_WARN_OBJC_IMPLICIT_RETAIN_SELF = YES;
				CLANG_WARN_OBJC_LITERAL_CONVERSION = YES;
				CLANG_WARN_OBJC_ROOT_CLASS = YES_ERROR;
				CLANG_WARN_QUOTED_INCLUDE_IN_FRAMEWORK_HEADER = YES;
				CLANG_WARN_RANGE_LOOP_ANALYSIS = YES;
				CLANG_WARN_STRICT_PROTOTYPES = YES;
				CLANG_WARN_SUSPICIOUS_MOVE = YES;
				CLANG_WARN_UNGUARDED_AVAILABILITY = YES_AGGRESSIVE;
				CLANG_WARN_UNREACHABLE_CODE = YES;
				CLANG_WARN__DUPLICATE_METHOD_MATCH = YES;
				COPY_PHASE_STRIP = NO;
				DEBUG_INFORMATION_FORMAT = dwarf;
				ENABLE_STRICT_OBJC_MSGSEND = YES;
				ENABLE_TESTABILITY = YES;
				GCC_C_LANGUAGE_STANDARD = gnu11;
				GCC_DYNAMIC_NO_PIC = NO;
				GCC_NO_COMMON_BLOCKS = YES;
				GCC_OPTIMIZATION_LEVEL = 0;
				GCC_PREPROCESSOR_DEFINITIONS = (
					"DEBUG=1",
					"$(inherited)",
				);
				GCC_WARN_64_TO_32_BIT_CONVERSION = YES;
				GCC_WARN_ABOUT_RETURN_TYPE = YES_ERROR;
				GCC_WARN_UNDECLARED_SELECTOR = YES;
				GCC_WARN_UNINITIALIZED_AUTOS = YES_AGGRESSIVE;
				GCC_WARN_UNUSED_FUNCTION = YES;
				GCC_WARN_UNUSED_VARIABLE = YES;
				IPHONEOS_DEPLOYMENT_TARGET = 14.3;
				MTL_ENABLE_DEBUG_INFO = INCLUDE_SOURCE;
				MTL_FAST_MATH = YES;
				ONLY_ACTIVE_ARCH = YES;
				SDKROOT = iphoneos;
				SWIFT_ACTIVE_COMPILATION_CONDITIONS = DEBUG;
				SWIFT_OPTIMIZATION_LEVEL = "-Onone";
			};
			name = Debug;
		};
		A0AFFDAA2592C59300A014D7 /* Release */ = {
			isa = XCBuildConfiguration;
			buildSettings = {
				ALWAYS_SEARCH_USER_PATHS = NO;
				CLANG_ANALYZER_NONNULL = YES;
				CLANG_ANALYZER_NUMBER_OBJECT_CONVERSION = YES_AGGRESSIVE;
				CLANG_CXX_LANGUAGE_STANDARD = "gnu++14";
				CLANG_CXX_LIBRARY = "libc++";
				CLANG_ENABLE_MODULES = YES;
				CLANG_ENABLE_OBJC_ARC = YES;
				CLANG_ENABLE_OBJC_WEAK = YES;
				CLANG_WARN_BLOCK_CAPTURE_AUTORELEASING = YES;
				CLANG_WARN_BOOL_CONVERSION = YES;
				CLANG_WARN_COMMA = YES;
				CLANG_WARN_CONSTANT_CONVERSION = YES;
				CLANG_WARN_DEPRECATED_OBJC_IMPLEMENTATIONS = YES;
				CLANG_WARN_DIRECT_OBJC_ISA_USAGE = YES_ERROR;
				CLANG_WARN_DOCUMENTATION_COMMENTS = YES;
				CLANG_WARN_EMPTY_BODY = YES;
				CLANG_WARN_ENUM_CONVERSION = YES;
				CLANG_WARN_INFINITE_RECURSION = YES;
				CLANG_WARN_INT_CONVERSION = YES;
				CLANG_WARN_NON_LITERAL_NULL_CONVERSION = YES;
				CLANG_WARN_OBJC_IMPLICIT_RETAIN_SELF = YES;
				CLANG_WARN_OBJC_LITERAL_CONVERSION = YES;
				CLANG_WARN_OBJC_ROOT_CLASS = YES_ERROR;
				CLANG_WARN_QUOTED_INCLUDE_IN_FRAMEWORK_HEADER = YES;
				CLANG_WARN_RANGE_LOOP_ANALYSIS = YES;
				CLANG_WARN_STRICT_PROTOTYPES = YES;
				CLANG_WARN_SUSPICIOUS_MOVE = YES;
				CLANG_WARN_UNGUARDED_AVAILABILITY = YES_AGGRESSIVE;
				CLANG_WARN_UNREACHABLE_CODE = YES;
				CLANG_WARN__DUPLICATE_METHOD_MATCH = YES;
				COPY_PHASE_STRIP = NO;
				DEBUG_INFORMATION_FORMAT = "dwarf-with-dsym";
				ENABLE_NS_ASSERTIONS = NO;
				ENABLE_STRICT_OBJC_MSGSEND = YES;
				GCC_C_LANGUAGE_STANDARD = gnu11;
				GCC_NO_COMMON_BLOCKS = YES;
				GCC_WARN_64_TO_32_BIT_CONVERSION = YES;
				GCC_WARN_ABOUT_RETURN_TYPE = YES_ERROR;
				GCC_WARN_UNDECLARED_SELECTOR = YES;
				GCC_WARN_UNINITIALIZED_AUTOS = YES_AGGRESSIVE;
				GCC_WARN_UNUSED_FUNCTION = YES;
				GCC_WARN_UNUSED_VARIABLE = YES;
				IPHONEOS_DEPLOYMENT_TARGET = 14.3;
				MTL_ENABLE_DEBUG_INFO = NO;
				MTL_FAST_MATH = YES;
				SDKROOT = iphoneos;
				SWIFT_COMPILATION_MODE = wholemodule;
				SWIFT_OPTIMIZATION_LEVEL = "-O";
				VALIDATE_PRODUCT = YES;
			};
			name = Release;
		};
		A0AFFDAC2592C59300A014D7 /* Debug */ = {
			isa = XCBuildConfiguration;
			buildSettings = {
				ASSETCATALOG_COMPILER_APPICON_NAME = AppIcon;
				ASSETCATALOG_COMPILER_GLOBAL_ACCENT_COLOR_NAME = AccentColor;
				CODE_SIGN_STYLE = Automatic;
				DEVELOPMENT_ASSET_PATHS = "\"TodoList/Preview Content\"";
				ENABLE_PREVIEWS = YES;
				INFOPLIST_FILE = TodoList/Info.plist;
				IPHONEOS_DEPLOYMENT_TARGET = 14.0;
				LD_RUNPATH_SEARCH_PATHS = (
					"$(inherited)",
					"@executable_path/Frameworks",
				);
				PRODUCT_BUNDLE_IDENTIFIER = "EYA-Studio.TodoList";
				PRODUCT_NAME = "$(TARGET_NAME)";
				SWIFT_VERSION = 5.0;
				TARGETED_DEVICE_FAMILY = "1,2";
			};
			name = Debug;
		};
		A0AFFDAD2592C59300A014D7 /* Release */ = {
			isa = XCBuildConfiguration;
			buildSettings = {
				ASSETCATALOG_COMPILER_APPICON_NAME = AppIcon;
				ASSETCATALOG_COMPILER_GLOBAL_ACCENT_COLOR_NAME = AccentColor;
				CODE_SIGN_STYLE = Automatic;
				DEVELOPMENT_ASSET_PATHS = "\"TodoList/Preview Content\"";
				ENABLE_PREVIEWS = YES;
				INFOPLIST_FILE = TodoList/Info.plist;
				IPHONEOS_DEPLOYMENT_TARGET = 14.0;
				LD_RUNPATH_SEARCH_PATHS = (
					"$(inherited)",
					"@executable_path/Frameworks",
				);
				PRODUCT_BUNDLE_IDENTIFIER = "EYA-Studio.TodoList";
				PRODUCT_NAME = "$(TARGET_NAME)";
				SWIFT_VERSION = 5.0;
				TARGETED_DEVICE_FAMILY = "1,2";
			};
			name = Release;
		};
/* End XCBuildConfiguration section */

/* Begin XCConfigurationList section */
		A0AFFD972592C59300A014D7 /* Build configuration list for PBXProject "TodoList" */ = {
			isa = XCConfigurationList;
			buildConfigurations = (
				A0AFFDA92592C59300A014D7 /* Debug */,
				A0AFFDAA2592C59300A014D7 /* Release */,
			);
			defaultConfigurationIsVisible = 0;
			defaultConfigurationName = Release;
		};
		A0AFFDAB2592C59300A014D7 /* Build configuration list for PBXNativeTarget "TodoList" */ = {
			isa = XCConfigurationList;
			buildConfigurations = (
				A0AFFDAC2592C59300A014D7 /* Debug */,
				A0AFFDAD2592C59300A014D7 /* Release */,
			);
			defaultConfigurationIsVisible = 0;
			defaultConfigurationName = Release;
		};
/* End XCConfigurationList section */
	};
	rootObject = A0AFFD942592C59300A014D7 /* Project object */;
}
